
Microsoft Visual Studio Solution File, Format Version 12.00
# Visual Studio Version 17
VisualStudioVersion = 17.2.32630.192
MinimumVisualStudioVersion = 10.0.40219.1
Project("{FAE04EC0-301F-11D3-BF4B-00C04F79EFBC}") = "MethodsExercise", "Methods\MethodsExercise.csproj", "{A5B00D1D-80A0-4CA5-AA38-8666D2ED830F}"
EndProject
Global
	GlobalSection(SolutionConfigurationPlatforms) = preSolution
		Debug|Any CPU = Debug|Any CPU
		Release|Any CPU = Release|Any CPU
	EndGlobalSection
	GlobalSection(ProjectConfigurationPlatforms) = postSolution
		{A5B00D1D-80A0-4CA5-AA38-8666D2ED830F}.Debug|Any CPU.ActiveCfg = Debug|Any CPU
		{A5B00D1D-80A0-4CA5-AA38-8666D2ED830F}.Debug|Any CPU.Build.0 = Debug|Any CPU
		{A5B00D1D-80A0-4CA5-AA38-8666D2ED830F}.Release|Any CPU.ActiveCfg = Release|Any CPU
		{A5B00D1D-80A0-4CA5-AA38-8666D2ED830F}.Release|Any CPU.Build.0 = Release|Any CPU
	EndGlobalSection
	GlobalSection(SolutionProperties) = preSolution
		HideSolutionNode = FALSE
	EndGlobalSection
	GlobalSection(ExtensibilityGlobals) = postSolution
		SolutionGuid = {5E9C0E84-FC1B-40A2-A2ED-FD6CBD9D5C0B}
	EndGlobalSection
EndGlobal
